// !$*UTF8*$!
{
	archiveVersion = 1;
	classes = {
	};
	objectVersion = 46;
	objects = {

/* Begin PBXBuildFile section */
		B404A30616AD9048001F8045 /* RenderingEngine.cpp in Sources */ = {isa = PBXBuildFile; fileRef = B404A30416AD9048001F8045 /* RenderingEngine.cpp */; };
		B404A31216AD9487001F8045 /* Renderer1.cpp in Sources */ = {isa = PBXBuildFile; fileRef = B404A31016AD9487001F8045 /* Renderer1.cpp */; };
		B408680516AE9C6600F6CD8D /* ParametricSurface.cpp in Sources */ = {isa = PBXBuildFile; fileRef = B408680316AE9C6600F6CD8D /* ParametricSurface.cpp */; };
		B40CB63B16A1BE14002C52EC /* UIKit.framework in Frameworks */ = {isa = PBXBuildFile; fileRef = B40CB63A16A1BE14002C52EC /* UIKit.framework */; };
		B40CB63D16A1BE14002C52EC /* Foundation.framework in Frameworks */ = {isa = PBXBuildFile; fileRef = B40CB63C16A1BE14002C52EC /* Foundation.framework */; };
		B40CB63F16A1BE14002C52EC /* CoreGraphics.framework in Frameworks */ = {isa = PBXBuildFile; fileRef = B40CB63E16A1BE14002C52EC /* CoreGraphics.framework */; };
		B40CB64516A1BE14002C52EC /* InfoPlist.strings in Resources */ = {isa = PBXBuildFile; fileRef = B40CB64316A1BE14002C52EC /* InfoPlist.strings */; };
		B40CB64716A1BE14002C52EC /* main.m in Sources */ = {isa = PBXBuildFile; fileRef = B40CB64616A1BE14002C52EC /* main.m */; };
		B40CB64B16A1BE14002C52EC /* TGAppDelegate.m in Sources */ = {isa = PBXBuildFile; fileRef = B40CB64A16A1BE14002C52EC /* TGAppDelegate.m */; };
		B40CB64D16A1BE14002C52EC /* Default.png in Resources */ = {isa = PBXBuildFile; fileRef = B40CB64C16A1BE14002C52EC /* Default.png */; };
		B40CB64F16A1BE14002C52EC /* Default@2x.png in Resources */ = {isa = PBXBuildFile; fileRef = B40CB64E16A1BE14002C52EC /* Default@2x.png */; };
		B40CB65116A1BE14002C52EC /* Default-568h@2x.png in Resources */ = {isa = PBXBuildFile; fileRef = B40CB65016A1BE14002C52EC /* Default-568h@2x.png */; };
		B40CB66716A1C348002C52EC /* TGViewController.m in Sources */ = {isa = PBXBuildFile; fileRef = B40CB66616A1C348002C52EC /* TGViewController.m */; };
		B40CB66B16A1C36F002C52EC /* OpenGLView.mm in Sources */ = {isa = PBXBuildFile; fileRef = B40CB66A16A1C36F002C52EC /* OpenGLView.mm */; };
		B40CB66D16A1C68F002C52EC /* OpenGLES.framework in Frameworks */ = {isa = PBXBuildFile; fileRef = B40CB66C16A1C68F002C52EC /* OpenGLES.framework */; };
		B40CB66F16A1C695002C52EC /* QuartzCore.framework in Frameworks */ = {isa = PBXBuildFile; fileRef = B40CB66E16A1C695002C52EC /* QuartzCore.framework */; };
		B415B2F516C6B170005876AF /* tile_floor.pvr in Resources */ = {isa = PBXBuildFile; fileRef = B415B2F416C6B170005876AF /* tile_floor.pvr */; };
		B415B2F916C6EE46005876AF /* tile_floor565.pvr in Resources */ = {isa = PBXBuildFile; fileRef = B415B2F816C6EE46005876AF /* tile_floor565.pvr */; };
		B415B2FD16C6F7E0005876AF /* girl.png in Resources */ = {isa = PBXBuildFile; fileRef = B415B2FC16C6F7E0005876AF /* girl.png */; };
		B41C292916C3FB5900D5C936 /* Renderer3.cpp in Sources */ = {isa = PBXBuildFile; fileRef = B41C292816C3FB5900D5C936 /* Renderer3.cpp */; };
		B41C293116C3FDB600D5C936 /* tile_floor.png in Resources */ = {isa = PBXBuildFile; fileRef = B41C293016C3FDB600D5C936 /* tile_floor.png */; };
		B4379D9C16CB9D9F00C18643 /* Renderer6.cpp in Sources */ = {isa = PBXBuildFile; fileRef = B4379D9A16CB9D9F00C18643 /* Renderer6.cpp */; };
		B43A2F6C16C948850028B546 /* cube_map.png in Resources */ = {isa = PBXBuildFile; fileRef = B43A2F6B16C948850028B546 /* cube_map.png */; };
		B43A2F7316C94AAF0028B546 /* cube_map_back.png in Resources */ = {isa = PBXBuildFile; fileRef = B43A2F6D16C94AAF0028B546 /* cube_map_back.png */; };
		B43A2F7416C94AAF0028B546 /* cube_map_right.png in Resources */ = {isa = PBXBuildFile; fileRef = B43A2F6E16C94AAF0028B546 /* cube_map_right.png */; };
		B43A2F7516C94AAF0028B546 /* cube_map_front.png in Resources */ = {isa = PBXBuildFile; fileRef = B43A2F6F16C94AAF0028B546 /* cube_map_front.png */; };
		B43A2F7616C94AAF0028B546 /* cube_map_bottom.png in Resources */ = {isa = PBXBuildFile; fileRef = B43A2F7016C94AAF0028B546 /* cube_map_bottom.png */; };
		B43A2F7716C94AAF0028B546 /* cube_map_top.png in Resources */ = {isa = PBXBuildFile; fileRef = B43A2F7116C94AAF0028B546 /* cube_map_top.png */; };
		B43A2F7816C94AAF0028B546 /* cube_map_left.png in Resources */ = {isa = PBXBuildFile; fileRef = B43A2F7216C94AAF0028B546 /* cube_map_left.png */; };
		B4A5308B16BD9BAD002F8749 /* TGNativeGLViewController.mm in Sources */ = {isa = PBXBuildFile; fileRef = B4A5308916BD9BAC002F8749 /* TGNativeGLViewController.mm */; };
		B4A5308E16BD9C4C002F8749 /* GLKit.framework in Frameworks */ = {isa = PBXBuildFile; fileRef = B4A5308D16BD9C4C002F8749 /* GLKit.framework */; };
		B4AFB9BA16CA65B800EF25D9 /* Renderer5.cpp in Sources */ = {isa = PBXBuildFile; fileRef = B4AFB9B816CA65B800EF25D9 /* Renderer5.cpp */; };
		B4B8D07E16A20EB9009B418F /* Renderer0.cpp in Sources */ = {isa = PBXBuildFile; fileRef = B4B8D07C16A20EB9009B418F /* Renderer0.cpp */; };
		B4BA65F916CE883600B1C037 /* Bone.cpp in Sources */ = {isa = PBXBuildFile; fileRef = B4BA65F716CE883600B1C037 /* Bone.cpp */; };
		B4BA65FC16CE8E4500B1C037 /* BoneChain.cpp in Sources */ = {isa = PBXBuildFile; fileRef = B4BA65FA16CE8E4500B1C037 /* BoneChain.cpp */; };
		B4DB9A5F16C82F1500E3B748 /* Renderer4.cpp in Sources */ = {isa = PBXBuildFile; fileRef = B4DB9A5E16C82F1500E3B748 /* Renderer4.cpp */; };
		B4DB9A6716C8317B00E3B748 /* sphere_map.png in Resources */ = {isa = PBXBuildFile; fileRef = B4DB9A6616C8317B00E3B748 /* sphere_map.png */; };
		B4F7F82616AB412E006F0C90 /* Star.png in Resources */ = {isa = PBXBuildFile; fileRef = B4F7F82516AB412E006F0C90 /* Star.png */; };
		B4F7F83316AB4323006F0C90 /* ResourceManager.mm in Sources */ = {isa = PBXBuildFile; fileRef = B4F7F83216AB4323006F0C90 /* ResourceManager.mm */; };
		B4FB0FE216BFC1BE007ABBC3 /* Renderer2.cpp in Sources */ = {isa = PBXBuildFile; fileRef = B4FB0FE016BFC1BE007ABBC3 /* Renderer2.cpp */; };
		B4FB0FEA16BFDADB007ABBC3 /* Rotator.cpp in Sources */ = {isa = PBXBuildFile; fileRef = B4FB0FE816BFDADB007ABBC3 /* Rotator.cpp */; };
/* End PBXBuildFile section */

/* Begin PBXFileReference section */
		B404A30416AD9048001F8045 /* RenderingEngine.cpp */ = {isa = PBXFileReference; fileEncoding = 4; lastKnownFileType = sourcecode.cpp.cpp; path = RenderingEngine.cpp; sourceTree = "<group>"; };
		B404A30516AD9048001F8045 /* RenderingEngine.h */ = {isa = PBXFileReference; fileEncoding = 4; lastKnownFileType = sourcecode.c.h; path = RenderingEngine.h; sourceTree = "<group>"; };
		B404A31016AD9487001F8045 /* Renderer1.cpp */ = {isa = PBXFileReference; fileEncoding = 4; lastKnownFileType = sourcecode.cpp.cpp; path = Renderer1.cpp; sourceTree = "<group>"; };
		B404A31116AD9487001F8045 /* Renderer1.h */ = {isa = PBXFileReference; fileEncoding = 4; lastKnownFileType = sourcecode.c.h; path = Renderer1.h; sourceTree = "<group>"; };
		B404A31316AD95E6001F8045 /* Renderers.h */ = {isa = PBXFileReference; lastKnownFileType = sourcecode.c.h; path = Renderers.h; sourceTree = "<group>"; };
		B404A32016ADA8B8001F8045 /* Quaternion.h */ = {isa = PBXFileReference; lastKnownFileType = sourcecode.c.h; path = Quaternion.h; sourceTree = "<group>"; };
		B408680216AE9ABE00F6CD8D /* ISurface.h */ = {isa = PBXFileReference; lastKnownFileType = sourcecode.c.h; path = ISurface.h; sourceTree = "<group>"; };
		B408680316AE9C6600F6CD8D /* ParametricSurface.cpp */ = {isa = PBXFileReference; fileEncoding = 4; lastKnownFileType = sourcecode.cpp.cpp; path = ParametricSurface.cpp; sourceTree = "<group>"; };
		B408680416AE9C6600F6CD8D /* ParametricSurface.h */ = {isa = PBXFileReference; fileEncoding = 4; lastKnownFileType = sourcecode.c.h; path = ParametricSurface.h; sourceTree = "<group>"; };
		B408681A16AEE60D00F6CD8D /* ProjectionShader.vsh */ = {isa = PBXFileReference; fileEncoding = 4; lastKnownFileType = sourcecode.glsl; path = ProjectionShader.vsh; sourceTree = "<group>"; };
		B408681C16AEE62100F6CD8D /* ProjectionShader.fsh */ = {isa = PBXFileReference; fileEncoding = 4; lastKnownFileType = sourcecode.glsl; path = ProjectionShader.fsh; sourceTree = "<group>"; };
		B40A2A8616D387FD000F4694 /* BoneShader.fsh */ = {isa = PBXFileReference; fileEncoding = 4; lastKnownFileType = sourcecode.glsl; path = BoneShader.fsh; sourceTree = "<group>"; };
		B40A2A8716D387FD000F4694 /* BoneShader.vsh */ = {isa = PBXFileReference; fileEncoding = 4; lastKnownFileType = sourcecode.glsl; path = BoneShader.vsh; sourceTree = "<group>"; };
		B40CB63616A1BE14002C52EC /* TeachGL2.app */ = {isa = PBXFileReference; explicitFileType = wrapper.application; includeInIndex = 0; path = TeachGL2.app; sourceTree = BUILT_PRODUCTS_DIR; };
		B40CB63A16A1BE14002C52EC /* UIKit.framework */ = {isa = PBXFileReference; lastKnownFileType = wrapper.framework; name = UIKit.framework; path = System/Library/Frameworks/UIKit.framework; sourceTree = SDKROOT; };
		B40CB63C16A1BE14002C52EC /* Foundation.framework */ = {isa = PBXFileReference; lastKnownFileType = wrapper.framework; name = Foundation.framework; path = System/Library/Frameworks/Foundation.framework; sourceTree = SDKROOT; };
		B40CB63E16A1BE14002C52EC /* CoreGraphics.framework */ = {isa = PBXFileReference; lastKnownFileType = wrapper.framework; name = CoreGraphics.framework; path = System/Library/Frameworks/CoreGraphics.framework; sourceTree = SDKROOT; };
		B40CB64216A1BE14002C52EC /* TeachGL2-Info.plist */ = {isa = PBXFileReference; lastKnownFileType = text.plist.xml; path = "TeachGL2-Info.plist"; sourceTree = "<group>"; };
		B40CB64416A1BE14002C52EC /* en */ = {isa = PBXFileReference; lastKnownFileType = text.plist.strings; name = en; path = en.lproj/InfoPlist.strings; sourceTree = "<group>"; };
		B40CB64616A1BE14002C52EC /* main.m */ = {isa = PBXFileReference; lastKnownFileType = sourcecode.c.objc; path = main.m; sourceTree = "<group>"; };
		B40CB64816A1BE14002C52EC /* TeachGL2-Prefix.pch */ = {isa = PBXFileReference; lastKnownFileType = sourcecode.c.h; path = "TeachGL2-Prefix.pch"; sourceTree = "<group>"; };
		B40CB64916A1BE14002C52EC /* TGAppDelegate.h */ = {isa = PBXFileReference; lastKnownFileType = sourcecode.c.h; path = TGAppDelegate.h; sourceTree = "<group>"; };
		B40CB64A16A1BE14002C52EC /* TGAppDelegate.m */ = {isa = PBXFileReference; lastKnownFileType = sourcecode.c.objc; path = TGAppDelegate.m; sourceTree = "<group>"; };
		B40CB64C16A1BE14002C52EC /* Default.png */ = {isa = PBXFileReference; lastKnownFileType = image.png; path = Default.png; sourceTree = "<group>"; };
		B40CB64E16A1BE14002C52EC /* Default@2x.png */ = {isa = PBXFileReference; lastKnownFileType = image.png; path = "Default@2x.png"; sourceTree = "<group>"; };
		B40CB65016A1BE14002C52EC /* Default-568h@2x.png */ = {isa = PBXFileReference; lastKnownFileType = image.png; path = "Default-568h@2x.png"; sourceTree = "<group>"; };
		B40CB66516A1C348002C52EC /* TGViewController.h */ = {isa = PBXFileReference; fileEncoding = 4; lastKnownFileType = sourcecode.c.h; path = TGViewController.h; sourceTree = "<group>"; };
		B40CB66616A1C348002C52EC /* TGViewController.m */ = {isa = PBXFileReference; fileEncoding = 4; lastKnownFileType = sourcecode.c.objc; path = TGViewController.m; sourceTree = "<group>"; };
		B40CB66916A1C36F002C52EC /* OpenGLView.h */ = {isa = PBXFileReference; fileEncoding = 4; lastKnownFileType = sourcecode.c.h; path = OpenGLView.h; sourceTree = "<group>"; };
		B40CB66A16A1C36F002C52EC /* OpenGLView.mm */ = {isa = PBXFileReference; fileEncoding = 4; lastKnownFileType = sourcecode.cpp.objcpp; path = OpenGLView.mm; sourceTree = "<group>"; };
		B40CB66C16A1C68F002C52EC /* OpenGLES.framework */ = {isa = PBXFileReference; lastKnownFileType = wrapper.framework; name = OpenGLES.framework; path = System/Library/Frameworks/OpenGLES.framework; sourceTree = SDKROOT; };
		B40CB66E16A1C695002C52EC /* QuartzCore.framework */ = {isa = PBXFileReference; lastKnownFileType = wrapper.framework; name = QuartzCore.framework; path = System/Library/Frameworks/QuartzCore.framework; sourceTree = SDKROOT; };
		B415B2F116C69EF2005876AF /* PVRTGlobal.h */ = {isa = PBXFileReference; fileEncoding = 4; lastKnownFileType = sourcecode.c.h; path = PVRTGlobal.h; sourceTree = "<group>"; };
		B415B2F216C69EF2005876AF /* PVRTTexture.h */ = {isa = PBXFileReference; fileEncoding = 4; lastKnownFileType = sourcecode.c.h; path = PVRTTexture.h; sourceTree = "<group>"; };
		B415B2F416C6B170005876AF /* tile_floor.pvr */ = {isa = PBXFileReference; lastKnownFileType = file; path = tile_floor.pvr; sourceTree = "<group>"; };
		B415B2F816C6EE46005876AF /* tile_floor565.pvr */ = {isa = PBXFileReference; lastKnownFileType = file; path = tile_floor565.pvr; sourceTree = "<group>"; };
		B415B2FC16C6F7E0005876AF /* girl.png */ = {isa = PBXFileReference; lastKnownFileType = image.png; path = girl.png; sourceTree = "<group>"; };
		B41C292716C3FB5900D5C936 /* Renderer3.h */ = {isa = PBXFileReference; fileEncoding = 4; lastKnownFileType = sourcecode.c.h; path = Renderer3.h; sourceTree = "<group>"; };
		B41C292816C3FB5900D5C936 /* Renderer3.cpp */ = {isa = PBXFileReference; fileEncoding = 4; lastKnownFileType = sourcecode.cpp.cpp; path = Renderer3.cpp; sourceTree = "<group>"; };
		B41C292A16C3FB8400D5C936 /* TextureShader.vsh */ = {isa = PBXFileReference; fileEncoding = 4; lastKnownFileType = sourcecode.glsl; path = TextureShader.vsh; sourceTree = "<group>"; };
		B41C292B16C3FB8400D5C936 /* TextureShader.fsh */ = {isa = PBXFileReference; fileEncoding = 4; lastKnownFileType = sourcecode.glsl; path = TextureShader.fsh; sourceTree = "<group>"; };
		B41C293016C3FDB600D5C936 /* tile_floor.png */ = {isa = PBXFileReference; lastKnownFileType = image.png; path = tile_floor.png; sourceTree = "<group>"; };
		B4379D9A16CB9D9F00C18643 /* Renderer6.cpp */ = {isa = PBXFileReference; fileEncoding = 4; lastKnownFileType = sourcecode.cpp.cpp; path = Renderer6.cpp; sourceTree = "<group>"; };
		B4379D9B16CB9D9F00C18643 /* Renderer6.h */ = {isa = PBXFileReference; fileEncoding = 4; lastKnownFileType = sourcecode.c.h; path = Renderer6.h; sourceTree = "<group>"; };
		B4379D9D16CB9E0300C18643 /* VertexSkinningShader.fsh */ = {isa = PBXFileReference; fileEncoding = 4; lastKnownFileType = sourcecode.glsl; path = VertexSkinningShader.fsh; sourceTree = "<group>"; };
		B4379D9E16CB9E0300C18643 /* VertexSkinningShader.vsh */ = {isa = PBXFileReference; fileEncoding = 4; lastKnownFileType = sourcecode.glsl; path = VertexSkinningShader.vsh; sourceTree = "<group>"; };
		B43A2F6B16C948850028B546 /* cube_map.png */ = {isa = PBXFileReference; lastKnownFileType = image.png; path = cube_map.png; sourceTree = "<group>"; };
		B43A2F6D16C94AAF0028B546 /* cube_map_back.png */ = {isa = PBXFileReference; lastKnownFileType = image.png; path = cube_map_back.png; sourceTree = "<group>"; };
		B43A2F6E16C94AAF0028B546 /* cube_map_right.png */ = {isa = PBXFileReference; lastKnownFileType = image.png; path = cube_map_right.png; sourceTree = "<group>"; };
		B43A2F6F16C94AAF0028B546 /* cube_map_front.png */ = {isa = PBXFileReference; lastKnownFileType = image.png; path = cube_map_front.png; sourceTree = "<group>"; };
		B43A2F7016C94AAF0028B546 /* cube_map_bottom.png */ = {isa = PBXFileReference; lastKnownFileType = image.png; path = cube_map_bottom.png; sourceTree = "<group>"; };
		B43A2F7116C94AAF0028B546 /* cube_map_top.png */ = {isa = PBXFileReference; lastKnownFileType = image.png; path = cube_map_top.png; sourceTree = "<group>"; };
		B43A2F7216C94AAF0028B546 /* cube_map_left.png */ = {isa = PBXFileReference; lastKnownFileType = image.png; path = cube_map_left.png; sourceTree = "<group>"; };
		B4904A0616D4D86F00FF4DAF /* SimpleVertexSkinningShader.fsh */ = {isa = PBXFileReference; fileEncoding = 4; lastKnownFileType = sourcecode.glsl; path = SimpleVertexSkinningShader.fsh; sourceTree = "<group>"; };
		B4904A0716D4D86F00FF4DAF /* SimpleVertexSkinningShader.vsh */ = {isa = PBXFileReference; fileEncoding = 4; lastKnownFileType = sourcecode.glsl; path = SimpleVertexSkinningShader.vsh; sourceTree = "<group>"; };
		B4A5308816BD9BAC002F8749 /* TGNativeGLViewController.h */ = {isa = PBXFileReference; fileEncoding = 4; lastKnownFileType = sourcecode.c.h; path = TGNativeGLViewController.h; sourceTree = "<group>"; };
		B4A5308916BD9BAC002F8749 /* TGNativeGLViewController.mm */ = {isa = PBXFileReference; fileEncoding = 4; lastKnownFileType = sourcecode.cpp.objcpp; path = TGNativeGLViewController.mm; sourceTree = "<group>"; };
		B4A5308D16BD9C4C002F8749 /* GLKit.framework */ = {isa = PBXFileReference; lastKnownFileType = wrapper.framework; name = GLKit.framework; path = System/Library/Frameworks/GLKit.framework; sourceTree = SDKROOT; };
		B4AFB9B416CA63A000EF25D9 /* SphereMapShader.fsh */ = {isa = PBXFileReference; fileEncoding = 4; lastKnownFileType = sourcecode.glsl; path = SphereMapShader.fsh; sourceTree = "<group>"; };
		B4AFB9B516CA63A000EF25D9 /* SphereMapShader.vsh */ = {isa = PBXFileReference; fileEncoding = 4; lastKnownFileType = sourcecode.glsl; path = SphereMapShader.vsh; sourceTree = "<group>"; };
		B4AFB9B816CA65B800EF25D9 /* Renderer5.cpp */ = {isa = PBXFileReference; fileEncoding = 4; lastKnownFileType = sourcecode.cpp.cpp; path = Renderer5.cpp; sourceTree = "<group>"; };
		B4AFB9B916CA65B800EF25D9 /* Renderer5.h */ = {isa = PBXFileReference; fileEncoding = 4; lastKnownFileType = sourcecode.c.h; path = Renderer5.h; sourceTree = "<group>"; };
		B4B8D07C16A20EB9009B418F /* Renderer0.cpp */ = {isa = PBXFileReference; fileEncoding = 4; lastKnownFileType = sourcecode.cpp.cpp; path = Renderer0.cpp; sourceTree = "<group>"; };
		B4B8D07D16A20EB9009B418F /* Renderer0.h */ = {isa = PBXFileReference; fileEncoding = 4; lastKnownFileType = sourcecode.c.h; path = Renderer0.h; sourceTree = "<group>"; };
		B4B8D08416A21E91009B418F /* Shader.vsh */ = {isa = PBXFileReference; fileEncoding = 4; lastKnownFileType = sourcecode.glsl; path = Shader.vsh; sourceTree = "<group>"; };
		B4B8D08616A21E9A009B418F /* Shader.fsh */ = {isa = PBXFileReference; fileEncoding = 4; lastKnownFileType = sourcecode.glsl; path = Shader.fsh; sourceTree = "<group>"; };
		B4BA65F716CE883600B1C037 /* Bone.cpp */ = {isa = PBXFileReference; fileEncoding = 4; lastKnownFileType = sourcecode.cpp.cpp; path = Bone.cpp; sourceTree = "<group>"; };
		B4BA65F816CE883600B1C037 /* Bone.h */ = {isa = PBXFileReference; fileEncoding = 4; lastKnownFileType = sourcecode.c.h; path = Bone.h; sourceTree = "<group>"; };
		B4BA65FA16CE8E4500B1C037 /* BoneChain.cpp */ = {isa = PBXFileReference; fileEncoding = 4; lastKnownFileType = sourcecode.cpp.cpp; path = BoneChain.cpp; sourceTree = "<group>"; };
		B4BA65FB16CE8E4500B1C037 /* BoneChain.h */ = {isa = PBXFileReference; fileEncoding = 4; lastKnownFileType = sourcecode.c.h; path = BoneChain.h; sourceTree = "<group>"; };
		B4DB9A5D16C82F1500E3B748 /* Renderer4.h */ = {isa = PBXFileReference; fileEncoding = 4; lastKnownFileType = sourcecode.c.h; path = Renderer4.h; sourceTree = "<group>"; };
		B4DB9A5E16C82F1500E3B748 /* Renderer4.cpp */ = {isa = PBXFileReference; fileEncoding = 4; lastKnownFileType = sourcecode.cpp.cpp; path = Renderer4.cpp; sourceTree = "<group>"; };
		B4DB9A6016C82F8900E3B748 /* CubeMapShader.fsh */ = {isa = PBXFileReference; fileEncoding = 4; lastKnownFileType = sourcecode.glsl; path = CubeMapShader.fsh; sourceTree = "<group>"; };
		B4DB9A6116C82F8900E3B748 /* CubeMapShader.vsh */ = {isa = PBXFileReference; fileEncoding = 4; lastKnownFileType = sourcecode.glsl; path = CubeMapShader.vsh; sourceTree = "<group>"; };
		B4DB9A6616C8317B00E3B748 /* sphere_map.png */ = {isa = PBXFileReference; lastKnownFileType = image.png; path = sphere_map.png; sourceTree = "<group>"; };
		B4F7F82516AB412E006F0C90 /* Star.png */ = {isa = PBXFileReference; lastKnownFileType = image.png; path = Star.png; sourceTree = "<group>"; };
		B4F7F82C16AB42E2006F0C90 /* Matrix.h */ = {isa = PBXFileReference; fileEncoding = 4; lastKnownFileType = sourcecode.c.h; path = Matrix.h; sourceTree = "<group>"; };
		B4F7F82D16AB42E2006F0C90 /* Vector.h */ = {isa = PBXFileReference; fileEncoding = 4; lastKnownFileType = sourcecode.c.h; path = Vector.h; sourceTree = "<group>"; };
		B4F7F83116AB4323006F0C90 /* ResourceManager.h */ = {isa = PBXFileReference; fileEncoding = 4; lastKnownFileType = sourcecode.c.h; path = ResourceManager.h; sourceTree = "<group>"; };
		B4F7F83216AB4323006F0C90 /* ResourceManager.mm */ = {isa = PBXFileReference; fileEncoding = 4; lastKnownFileType = sourcecode.cpp.objcpp; path = ResourceManager.mm; sourceTree = "<group>"; };
		B4F7F83416AB43BF006F0C90 /* PointSpriteShader.vsh */ = {isa = PBXFileReference; fileEncoding = 4; lastKnownFileType = sourcecode.glsl; path = PointSpriteShader.vsh; sourceTree = "<group>"; };
		B4F7F83616AB43CA006F0C90 /* PointSpriteShader.fsh */ = {isa = PBXFileReference; fileEncoding = 4; lastKnownFileType = sourcecode.glsl; path = PointSpriteShader.fsh; sourceTree = "<group>"; };
		B4FB0FE016BFC1BE007ABBC3 /* Renderer2.cpp */ = {isa = PBXFileReference; fileEncoding = 4; lastKnownFileType = sourcecode.cpp.cpp; path = Renderer2.cpp; sourceTree = "<group>"; };
		B4FB0FE116BFC1BE007ABBC3 /* Renderer2.h */ = {isa = PBXFileReference; fileEncoding = 4; lastKnownFileType = sourcecode.c.h; path = Renderer2.h; sourceTree = "<group>"; };
		B4FB0FE316BFC6F4007ABBC3 /* LightShader.vsh */ = {isa = PBXFileReference; fileEncoding = 4; lastKnownFileType = sourcecode.glsl; path = LightShader.vsh; sourceTree = "<group>"; };
		B4FB0FE516BFC6FD007ABBC3 /* LightShader.fsh */ = {isa = PBXFileReference; fileEncoding = 4; lastKnownFileType = sourcecode.glsl; path = LightShader.fsh; sourceTree = "<group>"; };
		B4FB0FE816BFDADB007ABBC3 /* Rotator.cpp */ = {isa = PBXFileReference; fileEncoding = 4; lastKnownFileType = sourcecode.cpp.cpp; path = Rotator.cpp; sourceTree = "<group>"; };
		B4FB0FE916BFDADB007ABBC3 /* Rotator.h */ = {isa = PBXFileReference; fileEncoding = 4; lastKnownFileType = sourcecode.c.h; path = Rotator.h; sourceTree = "<group>"; };
		B4FB0FEB16C01D06007ABBC3 /* SpotLightShader.vsh */ = {isa = PBXFileReference; lastKnownFileType = sourcecode.glsl; path = SpotLightShader.vsh; sourceTree = "<group>"; };
		B4FB0FEC16C01D16007ABBC3 /* SpotLightShader.fsh */ = {isa = PBXFileReference; lastKnownFileType = sourcecode.glsl; path = SpotLightShader.fsh; sourceTree = "<group>"; };
/* End PBXFileReference section */

/* Begin PBXFrameworksBuildPhase section */
		B40CB63316A1BE14002C52EC /* Frameworks */ = {
			isa = PBXFrameworksBuildPhase;
			buildActionMask = 2147483647;
			files = (
				B4A5308E16BD9C4C002F8749 /* GLKit.framework in Frameworks */,
				B40CB66F16A1C695002C52EC /* QuartzCore.framework in Frameworks */,
				B40CB66D16A1C68F002C52EC /* OpenGLES.framework in Frameworks */,
				B40CB63B16A1BE14002C52EC /* UIKit.framework in Frameworks */,
				B40CB63D16A1BE14002C52EC /* Foundation.framework in Frameworks */,
				B40CB63F16A1BE14002C52EC /* CoreGraphics.framework in Frameworks */,
			);
			runOnlyForDeploymentPostprocessing = 0;
		};
/* End PBXFrameworksBuildPhase section */

/* Begin PBXGroup section */
		B408680016AE9A9400F6CD8D /* Surfaces */ = {
			isa = PBXGroup;
			children = (
				B408680216AE9ABE00F6CD8D /* ISurface.h */,
				B408680316AE9C6600F6CD8D /* ParametricSurface.cpp */,
				B408680416AE9C6600F6CD8D /* ParametricSurface.h */,
			);
			name = Surfaces;
			sourceTree = "<group>";
		};
		B40CB62B16A1BE14002C52EC = {
			isa = PBXGroup;
			children = (
				B40CB64016A1BE14002C52EC /* TeachGL2 */,
				B4F7F82216AB40DA006F0C90 /* Resources */,
				B40CB63916A1BE14002C52EC /* Frameworks */,
				B40CB63716A1BE14002C52EC /* Products */,
			);
			sourceTree = "<group>";
		};
		B40CB63716A1BE14002C52EC /* Products */ = {
			isa = PBXGroup;
			children = (
				B40CB63616A1BE14002C52EC /* TeachGL2.app */,
			);
			name = Products;
			sourceTree = "<group>";
		};
		B40CB63916A1BE14002C52EC /* Frameworks */ = {
			isa = PBXGroup;
			children = (
				B4A5308D16BD9C4C002F8749 /* GLKit.framework */,
				B40CB66E16A1C695002C52EC /* QuartzCore.framework */,
				B40CB66C16A1C68F002C52EC /* OpenGLES.framework */,
				B40CB63A16A1BE14002C52EC /* UIKit.framework */,
				B40CB63C16A1BE14002C52EC /* Foundation.framework */,
				B40CB63E16A1BE14002C52EC /* CoreGraphics.framework */,
			);
			name = Frameworks;
			sourceTree = "<group>";
		};
		B40CB64016A1BE14002C52EC /* TeachGL2 */ = {
			isa = PBXGroup;
			children = (
				B415B2F016C69E03005876AF /* PowerVR */,
				B4B8D08316A21E53009B418F /* Shaders */,
				B4BA65F616CE87F300B1C037 /* Entities */,
				B4F7F82B16AB42CD006F0C90 /* Math */,
				B408680016AE9A9400F6CD8D /* Surfaces */,
				B4B8D07A16A20EA2009B418F /* Renderer */,
				B4FB0FE716BFDACB007ABBC3 /* Utils */,
				B40CB66816A1C354002C52EC /* Views */,
				B40CB66316A1C32A002C52EC /* View Controllers */,
				B40CB64916A1BE14002C52EC /* TGAppDelegate.h */,
				B40CB64A16A1BE14002C52EC /* TGAppDelegate.m */,
				B40CB64116A1BE14002C52EC /* Supporting Files */,
			);
			path = TeachGL2;
			sourceTree = "<group>";
		};
		B40CB64116A1BE14002C52EC /* Supporting Files */ = {
			isa = PBXGroup;
			children = (
				B40CB64216A1BE14002C52EC /* TeachGL2-Info.plist */,
				B40CB64316A1BE14002C52EC /* InfoPlist.strings */,
				B40CB64616A1BE14002C52EC /* main.m */,
				B40CB64816A1BE14002C52EC /* TeachGL2-Prefix.pch */,
				B40CB64C16A1BE14002C52EC /* Default.png */,
				B40CB64E16A1BE14002C52EC /* Default@2x.png */,
				B40CB65016A1BE14002C52EC /* Default-568h@2x.png */,
			);
			name = "Supporting Files";
			sourceTree = "<group>";
		};
		B40CB66316A1C32A002C52EC /* View Controllers */ = {
			isa = PBXGroup;
			children = (
				B40CB66516A1C348002C52EC /* TGViewController.h */,
				B40CB66616A1C348002C52EC /* TGViewController.m */,
				B4A5308816BD9BAC002F8749 /* TGNativeGLViewController.h */,
				B4A5308916BD9BAC002F8749 /* TGNativeGLViewController.mm */,
			);
			name = "View Controllers";
			sourceTree = "<group>";
		};
		B40CB66816A1C354002C52EC /* Views */ = {
			isa = PBXGroup;
			children = (
				B40CB66916A1C36F002C52EC /* OpenGLView.h */,
				B40CB66A16A1C36F002C52EC /* OpenGLView.mm */,
			);
			name = Views;
			sourceTree = "<group>";
		};
		B415B2F016C69E03005876AF /* PowerVR */ = {
			isa = PBXGroup;
			children = (
				B415B2F116C69EF2005876AF /* PVRTGlobal.h */,
				B415B2F216C69EF2005876AF /* PVRTTexture.h */,
			);
			path = PowerVR;
			sourceTree = "<group>";
		};
		B415B2F316C6B153005876AF /* PVR */ = {
			isa = PBXGroup;
			children = (
				B415B2F416C6B170005876AF /* tile_floor.pvr */,
				B415B2F816C6EE46005876AF /* tile_floor565.pvr */,
			);
			path = PVR;
			sourceTree = "<group>";
		};
		B43A2F6A16C9482F0028B546 /* Cube Map */ = {
			isa = PBXGroup;
			children = (
				B43A2F6B16C948850028B546 /* cube_map.png */,
				B43A2F7216C94AAF0028B546 /* cube_map_left.png */,
				B43A2F7116C94AAF0028B546 /* cube_map_top.png */,
				B43A2F7016C94AAF0028B546 /* cube_map_bottom.png */,
				B43A2F6F16C94AAF0028B546 /* cube_map_front.png */,
				B43A2F6E16C94AAF0028B546 /* cube_map_right.png */,
				B43A2F6D16C94AAF0028B546 /* cube_map_back.png */,
			);
			path = "Cube Map";
			sourceTree = "<group>";
		};
		B4B8D07A16A20EA2009B418F /* Renderer */ = {
			isa = PBXGroup;
			children = (
				B404A30416AD9048001F8045 /* RenderingEngine.cpp */,
				B404A30516AD9048001F8045 /* RenderingEngine.h */,
				B4F7F83116AB4323006F0C90 /* ResourceManager.h */,
				B4F7F83216AB4323006F0C90 /* ResourceManager.mm */,
				B404A31316AD95E6001F8045 /* Renderers.h */,
				B4B8D07C16A20EB9009B418F /* Renderer0.cpp */,
				B4B8D07D16A20EB9009B418F /* Renderer0.h */,
				B404A31016AD9487001F8045 /* Renderer1.cpp */,
				B404A31116AD9487001F8045 /* Renderer1.h */,
				B4FB0FE016BFC1BE007ABBC3 /* Renderer2.cpp */,
				B4FB0FE116BFC1BE007ABBC3 /* Renderer2.h */,
				B41C292816C3FB5900D5C936 /* Renderer3.cpp */,
				B41C292716C3FB5900D5C936 /* Renderer3.h */,
				B4DB9A5E16C82F1500E3B748 /* Renderer4.cpp */,
				B4DB9A5D16C82F1500E3B748 /* Renderer4.h */,
				B4AFB9B816CA65B800EF25D9 /* Renderer5.cpp */,
				B4AFB9B916CA65B800EF25D9 /* Renderer5.h */,
				B4379D9A16CB9D9F00C18643 /* Renderer6.cpp */,
				B4379D9B16CB9D9F00C18643 /* Renderer6.h */,
			);
			name = Renderer;
			sourceTree = "<group>";
		};
		B4B8D08316A21E53009B418F /* Shaders */ = {
			isa = PBXGroup;
			children = (
				B4B8D08416A21E91009B418F /* Shader.vsh */,
				B4B8D08616A21E9A009B418F /* Shader.fsh */,
				B4F7F83416AB43BF006F0C90 /* PointSpriteShader.vsh */,
				B4F7F83616AB43CA006F0C90 /* PointSpriteShader.fsh */,
				B408681A16AEE60D00F6CD8D /* ProjectionShader.vsh */,
				B408681C16AEE62100F6CD8D /* ProjectionShader.fsh */,
				B4FB0FE316BFC6F4007ABBC3 /* LightShader.vsh */,
				B4FB0FE516BFC6FD007ABBC3 /* LightShader.fsh */,
				B4FB0FEB16C01D06007ABBC3 /* SpotLightShader.vsh */,
				B4FB0FEC16C01D16007ABBC3 /* SpotLightShader.fsh */,
				B41C292A16C3FB8400D5C936 /* TextureShader.vsh */,
				B41C292B16C3FB8400D5C936 /* TextureShader.fsh */,
				B4DB9A6116C82F8900E3B748 /* CubeMapShader.vsh */,
				B4DB9A6016C82F8900E3B748 /* CubeMapShader.fsh */,
				B4AFB9B516CA63A000EF25D9 /* SphereMapShader.vsh */,
				B4AFB9B416CA63A000EF25D9 /* SphereMapShader.fsh */,
				B40A2A8716D387FD000F4694 /* BoneShader.vsh */,
				B40A2A8616D387FD000F4694 /* BoneShader.fsh */,
				B4904A0716D4D86F00FF4DAF /* SimpleVertexSkinningShader.vsh */,
				B4904A0616D4D86F00FF4DAF /* SimpleVertexSkinningShader.fsh */,
				B4379D9E16CB9E0300C18643 /* VertexSkinningShader.vsh */,
				B4379D9D16CB9E0300C18643 /* VertexSkinningShader.fsh */,
			);
			path = Shaders;
			sourceTree = "<group>";
		};
		B4BA65F616CE87F300B1C037 /* Entities */ = {
			isa = PBXGroup;
			children = (
				B4BA65F716CE883600B1C037 /* Bone.cpp */,
				B4BA65F816CE883600B1C037 /* Bone.h */,
				B4BA65FA16CE8E4500B1C037 /* BoneChain.cpp */,
				B4BA65FB16CE8E4500B1C037 /* BoneChain.h */,
			);
			name = Entities;
			sourceTree = "<group>";
		};
		B4F7F82216AB40DA006F0C90 /* Resources */ = {
			isa = PBXGroup;
			children = (
				B415B2F316C6B153005876AF /* PVR */,
				B4F7F82416AB40F3006F0C90 /* Images */,
			);
			path = Resources;
			sourceTree = "<group>";
		};
		B4F7F82416AB40F3006F0C90 /* Images */ = {
			isa = PBXGroup;
			children = (
				B43A2F6A16C9482F0028B546 /* Cube Map */,
				B4DB9A6616C8317B00E3B748 /* sphere_map.png */,
				B415B2FC16C6F7E0005876AF /* girl.png */,
				B4F7F82516AB412E006F0C90 /* Star.png */,
				B41C293016C3FDB600D5C936 /* tile_floor.png */,
			);
			path = Images;
			sourceTree = "<group>";
		};
		B4F7F82B16AB42CD006F0C90 /* Math */ = {
			isa = PBXGroup;
			children = (
				B4F7F82D16AB42E2006F0C90 /* Vector.h */,
				B4F7F82C16AB42E2006F0C90 /* Matrix.h */,
				B404A32016ADA8B8001F8045 /* Quaternion.h */,
			);
			name = Math;
			sourceTree = "<group>";
		};
		B4FB0FE716BFDACB007ABBC3 /* Utils */ = {
			isa = PBXGroup;
			children = (
				B4FB0FE816BFDADB007ABBC3 /* Rotator.cpp */,
				B4FB0FE916BFDADB007ABBC3 /* Rotator.h */,
			);
			name = Utils;
			sourceTree = "<group>";
		};
/* End PBXGroup section */

/* Begin PBXNativeTarget section */
		B40CB63516A1BE14002C52EC /* TeachGL2 */ = {
			isa = PBXNativeTarget;
			buildConfigurationList = B40CB65416A1BE14002C52EC /* Build configuration list for PBXNativeTarget "TeachGL2" */;
			buildPhases = (
				B40CB63216A1BE14002C52EC /* Sources */,
				B40CB63316A1BE14002C52EC /* Frameworks */,
				B40CB63416A1BE14002C52EC /* Resources */,
			);
			buildRules = (
			);
			dependencies = (
			);
			name = TeachGL2;
			productName = TeachGL2;
			productReference = B40CB63616A1BE14002C52EC /* TeachGL2.app */;
			productType = "com.apple.product-type.application";
		};
/* End PBXNativeTarget section */

/* Begin PBXProject section */
		B40CB62D16A1BE14002C52EC /* Project object */ = {
			isa = PBXProject;
			attributes = {
				CLASSPREFIX = TG;
				LastUpgradeCheck = 0450;
				ORGANIZATIONNAME = "Sergey Alpeev";
			};
			buildConfigurationList = B40CB63016A1BE14002C52EC /* Build configuration list for PBXProject "TeachGL2" */;
			compatibilityVersion = "Xcode 3.2";
			developmentRegion = English;
			hasScannedForEncodings = 0;
			knownRegions = (
				en,
			);
			mainGroup = B40CB62B16A1BE14002C52EC;
			productRefGroup = B40CB63716A1BE14002C52EC /* Products */;
			projectDirPath = "";
			projectRoot = "";
			targets = (
				B40CB63516A1BE14002C52EC /* TeachGL2 */,
			);
		};
/* End PBXProject section */

/* Begin PBXResourcesBuildPhase section */
		B40CB63416A1BE14002C52EC /* Resources */ = {
			isa = PBXResourcesBuildPhase;
			buildActionMask = 2147483647;
			files = (
				B40CB64516A1BE14002C52EC /* InfoPlist.strings in Resources */,
				B40CB64D16A1BE14002C52EC /* Default.png in Resources */,
				B40CB64F16A1BE14002C52EC /* Default@2x.png in Resources */,
				B40CB65116A1BE14002C52EC /* Default-568h@2x.png in Resources */,
				B4F7F82616AB412E006F0C90 /* Star.png in Resources */,
				B41C293116C3FDB600D5C936 /* tile_floor.png in Resources */,
				B415B2F516C6B170005876AF /* tile_floor.pvr in Resources */,
				B415B2F916C6EE46005876AF /* tile_floor565.pvr in Resources */,
				B415B2FD16C6F7E0005876AF /* girl.png in Resources */,
				B4DB9A6716C8317B00E3B748 /* sphere_map.png in Resources */,
				B43A2F6C16C948850028B546 /* cube_map.png in Resources */,
				B43A2F7316C94AAF0028B546 /* cube_map_back.png in Resources */,
				B43A2F7416C94AAF0028B546 /* cube_map_right.png in Resources */,
				B43A2F7516C94AAF0028B546 /* cube_map_front.png in Resources */,
				B43A2F7616C94AAF0028B546 /* cube_map_bottom.png in Resources */,
				B43A2F7716C94AAF0028B546 /* cube_map_top.png in Resources */,
				B43A2F7816C94AAF0028B546 /* cube_map_left.png in Resources */,
			);
			runOnlyForDeploymentPostprocessing = 0;
		};
/* End PBXResourcesBuildPhase section */

/* Begin PBXSourcesBuildPhase section */
		B40CB63216A1BE14002C52EC /* Sources */ = {
			isa = PBXSourcesBuildPhase;
			buildActionMask = 2147483647;
			files = (
				B40CB64716A1BE14002C52EC /* main.m in Sources */,
				B40CB64B16A1BE14002C52EC /* TGAppDelegate.m in Sources */,
				B40CB66716A1C348002C52EC /* TGViewController.m in Sources */,
				B40CB66B16A1C36F002C52EC /* OpenGLView.mm in Sources */,
				B4B8D07E16A20EB9009B418F /* Renderer0.cpp in Sources */,
				B4F7F83316AB4323006F0C90 /* ResourceManager.mm in Sources */,
				B404A30616AD9048001F8045 /* RenderingEngine.cpp in Sources */,
				B404A31216AD9487001F8045 /* Renderer1.cpp in Sources */,
				B408680516AE9C6600F6CD8D /* ParametricSurface.cpp in Sources */,
				B4A5308B16BD9BAD002F8749 /* TGNativeGLViewController.mm in Sources */,
				B4FB0FE216BFC1BE007ABBC3 /* Renderer2.cpp in Sources */,
				B4FB0FEA16BFDADB007ABBC3 /* Rotator.cpp in Sources */,
				B41C292916C3FB5900D5C936 /* Renderer3.cpp in Sources */,
				B4DB9A5F16C82F1500E3B748 /* Renderer4.cpp in Sources */,
				B4AFB9BA16CA65B800EF25D9 /* Renderer5.cpp in Sources */,
				B4379D9C16CB9D9F00C18643 /* Renderer6.cpp in Sources */,
				B4BA65F916CE883600B1C037 /* Bone.cpp in Sources */,
				B4BA65FC16CE8E4500B1C037 /* BoneChain.cpp in Sources */,
			);
			runOnlyForDeploymentPostprocessing = 0;
		};
/* End PBXSourcesBuildPhase section */

/* Begin PBXVariantGroup section */
		B40CB64316A1BE14002C52EC /* InfoPlist.strings */ = {
			isa = PBXVariantGroup;
			children = (
				B40CB64416A1BE14002C52EC /* en */,
			);
			name = InfoPlist.strings;
			sourceTree = "<group>";
		};
/* End PBXVariantGroup section */

/* Begin XCBuildConfiguration section */
		B40CB65216A1BE14002C52EC /* Debug */ = {
			isa = XCBuildConfiguration;
			buildSettings = {
				ALWAYS_SEARCH_USER_PATHS = NO;
				CLANG_CXX_LANGUAGE_STANDARD = "gnu++0x";
				CLANG_CXX_LIBRARY = "libc++";
				CLANG_ENABLE_OBJC_ARC = YES;
				CLANG_WARN_EMPTY_BODY = YES;
				CLANG_WARN__DUPLICATE_METHOD_MATCH = YES;
				"CODE_SIGN_IDENTITY[sdk=iphoneos*]" = "iPhone Developer";
				COPY_PHASE_STRIP = NO;
				GCC_C_LANGUAGE_STANDARD = gnu99;
				GCC_DYNAMIC_NO_PIC = NO;
				GCC_OPTIMIZATION_LEVEL = 0;
				GCC_PREPROCESSOR_DEFINITIONS = (
					"DEBUG=1",
					"$(inherited)",
				);
				GCC_SYMBOLS_PRIVATE_EXTERN = NO;
				GCC_WARN_ABOUT_RETURN_TYPE = YES;
				GCC_WARN_UNINITIALIZED_AUTOS = YES;
				GCC_WARN_UNUSED_VARIABLE = YES;
				IPHONEOS_DEPLOYMENT_TARGET = 6.0;
				ONLY_ACTIVE_ARCH = YES;
				SDKROOT = iphoneos;
			};
			name = Debug;
		};
		B40CB65316A1BE14002C52EC /* Release */ = {
			isa = XCBuildConfiguration;
			buildSettings = {
				ALWAYS_SEARCH_USER_PATHS = NO;
				CLANG_CXX_LANGUAGE_STANDARD = "gnu++0x";
				CLANG_CXX_LIBRARY = "libc++";
				CLANG_ENABLE_OBJC_ARC = YES;
				CLANG_WARN_EMPTY_BODY = YES;
				CLANG_WARN__DUPLICATE_METHOD_MATCH = YES;
				"CODE_SIGN_IDENTITY[sdk=iphoneos*]" = "iPhone Developer";
				COPY_PHASE_STRIP = YES;
				GCC_C_LANGUAGE_STANDARD = gnu99;
				GCC_WARN_ABOUT_RETURN_TYPE = YES;
				GCC_WARN_UNINITIALIZED_AUTOS = YES;
				GCC_WARN_UNUSED_VARIABLE = YES;
				IPHONEOS_DEPLOYMENT_TARGET = 6.0;
				OTHER_CFLAGS = "-DNS_BLOCK_ASSERTIONS=1";
				SDKROOT = iphoneos;
				VALIDATE_PRODUCT = YES;
			};
			name = Release;
		};
		B40CB65516A1BE14002C52EC /* Debug */ = {
			isa = XCBuildConfiguration;
			buildSettings = {
				GCC_PRECOMPILE_PREFIX_HEADER = YES;
				GCC_PREFIX_HEADER = "TeachGL2/TeachGL2-Prefix.pch";
				INFOPLIST_FILE = "TeachGL2/TeachGL2-Info.plist";
				PRODUCT_NAME = "$(TARGET_NAME)";
				WRAPPER_EXTENSION = app;
			};
			name = Debug;
		};
		B40CB65616A1BE14002C52EC /* Release */ = {
			isa = XCBuildConfiguration;
			buildSettings = {
				GCC_PRECOMPILE_PREFIX_HEADER = YES;
				GCC_PREFIX_HEADER = "TeachGL2/TeachGL2-Prefix.pch";
				INFOPLIST_FILE = "TeachGL2/TeachGL2-Info.plist";
				PRODUCT_NAME = "$(TARGET_NAME)";
				WRAPPER_EXTENSION = app;
			};
			name = Release;
		};
/* End XCBuildConfiguration section */

/* Begin XCConfigurationList section */
		B40CB63016A1BE14002C52EC /* Build configuration list for PBXProject "TeachGL2" */ = {
			isa = XCConfigurationList;
			buildConfigurations = (
				B40CB65216A1BE14002C52EC /* Debug */,
				B40CB65316A1BE14002C52EC /* Release */,
			);
			defaultConfigurationIsVisible = 0;
			defaultConfigurationName = Release;
		};
		B40CB65416A1BE14002C52EC /* Build configuration list for PBXNativeTarget "TeachGL2" */ = {
			isa = XCConfigurationList;
			buildConfigurations = (
				B40CB65516A1BE14002C52EC /* Debug */,
				B40CB65616A1BE14002C52EC /* Release */,
			);
			defaultConfigurationIsVisible = 0;
			defaultConfigurationName = Release;
		};
/* End XCConfigurationList section */
	};
	rootObject = B40CB62D16A1BE14002C52EC /* Project object */;
}
